{
  "requires": true,
  "lockfileVersion": 1,
  "dependencies": {
    "@material/animation": {
      "version": "0.40.1",
      "resolved": "https://registry.npmjs.org/@material/animation/-/animation-0.40.1.tgz",
      "integrity": "sha512-HtxFUw04EHg4S6pXfTA3Z0wKxnNDNcDhe1Np2Y2geo+lAk2Hb7m8yCL/GaL9o2I/eRYsgUXC0U7+Mk74GCz3zw=="
    },
    "@material/base": {
      "version": "0.40.1",
      "resolved": "https://registry.npmjs.org/@material/base/-/base-0.40.1.tgz",
      "integrity": "sha512-vrbOK8hONVCYgURQ9h7nkXvMdYnZVVNmAfFFijF8fbWQdwnoPcNTdqV6RoQlhBEqHYHQqLNfdUDlznAPKLclGQ=="
    },
    "@material/floating-label": {
      "version": "0.40.1",
      "resolved": "https://registry.npmjs.org/@material/floating-label/-/floating-label-0.40.1.tgz",
      "integrity": "sha512-b8/Wj4qfqOSJRSoQ1X7EC2lQc2hF0IGPXIbGpanZYe0c3wnhRXdSYd4kUnDw6rHgKn2IfnOEZkzOetODkftWDw==",
      "requires": {
        "@material/animation": "^0.40.1",
        "@material/base": "^0.40.1",
        "@material/rtl": "^0.40.1",
        "@material/theme": "^0.40.1",
        "@material/typography": "^0.40.1"
      }
    },
    "@material/line-ripple": {
      "version": "0.40.1",
      "resolved": "https://registry.npmjs.org/@material/line-ripple/-/line-ripple-0.40.1.tgz",
      "integrity": "sha512-S4Iq9qtxAF0ViwGfl+Dkb/dDd9EdJx/MpzA0/Lq51XvxWoJJvLfEEvX9j+V41ZhPd9FzqocTtUCCAw7Cov5mEw==",
      "requires": {
        "@material/animation": "^0.40.1",
        "@material/base": "^0.40.1",
        "@material/theme": "^0.40.1"
      }
    },
    "@material/notched-outline": {
      "version": "0.40.1",
      "resolved": "https://registry.npmjs.org/@material/notched-outline/-/notched-outline-0.40.1.tgz",
      "integrity": "sha512-b3V6/G7TW1P21Frw3JxB6Hc6k7MbrmPSynGuVUPLmuX+eSUm6GhxOy0rK4UzlBZumDnyyJDw+2HvJd1BYoOgeg==",
      "requires": {
        "@material/animation": "^0.40.1",
        "@material/base": "^0.40.1",
        "@material/rtl": "^0.40.1",
        "@material/shape": "^0.40.1",
        "@material/theme": "^0.40.1"
      }
    },
    "@material/ripple": {
      "version": "0.40.1",
      "resolved": "https://registry.npmjs.org/@material/ripple/-/ripple-0.40.1.tgz",
      "integrity": "sha512-sndeTS4VHa0v1UGj7MNcxMCuO9LJ1DjoL1EjE6BH3Lm3M1MnXJHdsBo2CgPbU/FI84tt6+eyHGOYPdPrEDJhCA==",
      "requires": {
        "@material/animation": "^0.40.1",
        "@material/base": "^0.40.1",
        "@material/theme": "^0.40.1"
      }
    },
    "@material/rtl": {
      "version": "0.40.1",
      "resolved": "https://registry.npmjs.org/@material/rtl/-/rtl-0.40.1.tgz",
      "integrity": "sha512-Pk6Iw1/KrhWZoZtkDsPMDUW0bm7Z1zeXb3MTQRCFmjf1wU5cRxgOTtuoZLcJqlcKGppLAzJL/TJV3E7KEiuL0A=="
    },
    "@material/shape": {
      "version": "0.40.1",
      "resolved": "https://registry.npmjs.org/@material/shape/-/shape-0.40.1.tgz",
      "integrity": "sha512-o1pw5+s/jWqsKbUAkCCaEcB8XLqJ4FlZhYfSvxZ88WRw9zoWOt9iQMMP82wLWhUX1DSzpNRI8BAD7aNLK6yRlA=="
    },
    "@material/textfield": {
      "version": "0.40.1",
      "resolved": "https://registry.npmjs.org/@material/textfield/-/textfield-0.40.1.tgz",
      "integrity": "sha512-fxQoXUZEwX3tL/61s2qP2REpSCnK+8m2AabDh4OVYMd5DDUQlihZhQgv73mqrsYveLWeTi/KebL6GcjP5BAKiw==",
      "requires": {
        "@material/animation": "^0.40.1",
        "@material/base": "^0.40.1",
        "@material/floating-label": "^0.40.1",
        "@material/line-ripple": "^0.40.1",
        "@material/notched-outline": "^0.40.1",
        "@material/ripple": "^0.40.1",
        "@material/rtl": "^0.40.1",
        "@material/shape": "^0.40.1",
        "@material/theme": "^0.40.1",
        "@material/typography": "^0.40.1"
      }
    },
    "@material/theme": {
      "version": "0.40.1",
      "resolved": "https://registry.npmjs.org/@material/theme/-/theme-0.40.1.tgz",
      "integrity": "sha512-cH1CsGIDisEQ2oroZhLTypV0Ir00x3WIwFXnPo7qv3832tuIDkZY623U3rUax6KNPz4Hh1j0tNpTwgrNZwvwWA=="
    },
    "@material/typography": {
      "version": "0.40.1",
      "resolved": "https://registry.npmjs.org/@material/typography/-/typography-0.40.1.tgz",
      "integrity": "sha512-LkW2tAsId8zGKxGA5VIFXV/D1h4vCHQIuALRMaDpHbNGffgr2ubtJNvCh2EQkm19MTv4igVLEjn1Svh0dXcTpA=="
    }
  }
}
